
Microsoft Visual Studio Solution File, Format Version 12.00
# Visual Studio Version 16
VisualStudioVersion = 16.0.29326.143
MinimumVisualStudioVersion = 10.0.40219.1
Project("{FAE04EC0-301F-11D3-BF4B-00C04F79EFBC}") = "ToDo.Web", "ToDo.Web\ToDo.Web.csproj", "{B088F368-9E6B-4BAB-9222-D4600FA39ADE}"
EndProject
Global
	GlobalSection(SolutionConfigurationPlatforms) = preSolution
		Debug|Any CPU = Debug|Any CPU
		Release|Any CPU = Release|Any CPU
	EndGlobalSection
	GlobalSection(ProjectConfigurationPlatforms) = postSolution
		{B088F368-9E6B-4BAB-9222-D4600FA39ADE}.Debug|Any CPU.ActiveCfg = Debug|Any CPU
		{B088F368-9E6B-4BAB-9222-D4600FA39ADE}.Debug|Any CPU.Build.0 = Debug|Any CPU
		{B088F368-9E6B-4BAB-9222-D4600FA39ADE}.Release|Any CPU.ActiveCfg = Release|Any CPU
		{B088F368-9E6B-4BAB-9222-D4600FA39ADE}.Release|Any CPU.Build.0 = Release|Any CPU
	EndGlobalSection
	GlobalSection(SolutionProperties) = preSolution
		HideSolutionNode = FALSE
	EndGlobalSection
	GlobalSection(ExtensibilityGlobals) = postSolution
		SolutionGuid = {770B7825-5319-4C04-9F0D-AC251E3088B4}
	EndGlobalSection
EndGlobal
